
Microsoft Visual Studio Solution File, Format Version 12.00
# Visual Studio Version 17
VisualStudioVersion = 17.3.32929.385
MinimumVisualStudioVersion = 10.0.40219.1
Project("{FAE04EC0-301F-11D3-BF4B-00C04F79EFBC}") = "ConsoleApp1", "ConsoleApp1\ConsoleApp1.csproj", "{840009B1-1D60-4BE2-B6F2-B7D6EB758E50}"
EndProject
Global
	GlobalSection(SolutionConfigurationPlatforms) = preSolution
		Debug|Any CPU = Debug|Any CPU
		Release|Any CPU = Release|Any CPU
	EndGlobalSection
	GlobalSection(ProjectConfigurationPlatforms) = postSolution
		{840009B1-1D60-4BE2-B6F2-B7D6EB758E50}.Debug|Any CPU.ActiveCfg = Debug|Any CPU
		{840009B1-1D60-4BE2-B6F2-B7D6EB758E50}.Debug|Any CPU.Build.0 = Debug|Any CPU
		{840009B1-1D60-4BE2-B6F2-B7D6EB758E50}.Release|Any CPU.ActiveCfg = Release|Any CPU
		{840009B1-1D60-4BE2-B6F2-B7D6EB758E50}.Release|Any CPU.Build.0 = Release|Any CPU
	EndGlobalSection
	GlobalSection(SolutionProperties) = preSolution
		HideSolutionNode = FALSE
	EndGlobalSection
	GlobalSection(ExtensibilityGlobals) = postSolution
		SolutionGuid = {599F24C0-C9AD-44C9-8653-7A8851F96CD6}
	EndGlobalSection
EndGlobal
